
Microsoft Visual Studio Solution File, Format Version 12.00
# Visual Studio 14
VisualStudioVersion = 14.0.25420.1
MinimumVisualStudioVersion = 10.0.40219.1
Project("{FAE04EC0-301F-11D3-BF4B-00C04F79EFBC}") = "OBeautifulCode.AccountingTime", "OBeautifulCode.AccountingTime\OBeautifulCode.AccountingTime.csproj", "{FA79388D-2555-42EE-AB7B-55B1EA1E2676}"
EndProject
Project("{FAE04EC0-301F-11D3-BF4B-00C04F79EFBC}") = "OBeautifulCode.AccountingTime.Test", "OBeautifulCode.AccountingTime.Test\OBeautifulCode.AccountingTime.Test.csproj", "{953257BE-D695-4374-A6E1-0F60618CF5DD}"
EndProject
Project("{2150E333-8FDC-42A3-9474-1A3956D46DE8}") = "Solution Items", "Solution Items", "{E21C26E1-C3B3-448C-8C0B-C207631BD451}"
	ProjectSection(SolutionItems) = preProject
		appveyor.yml = appveyor.yml
		LICENSE = LICENSE
		README.md = README.md
	EndProjectSection
EndProject
Global
	GlobalSection(SolutionConfigurationPlatforms) = preSolution
		Debug|Any CPU = Debug|Any CPU
		Release|Any CPU = Release|Any CPU
	EndGlobalSection
	GlobalSection(ProjectConfigurationPlatforms) = postSolution
		{FA79388D-2555-42EE-AB7B-55B1EA1E2676}.Debug|Any CPU.ActiveCfg = Debug|Any CPU
		{FA79388D-2555-42EE-AB7B-55B1EA1E2676}.Debug|Any CPU.Build.0 = Debug|Any CPU
		{FA79388D-2555-42EE-AB7B-55B1EA1E2676}.Release|Any CPU.ActiveCfg = Release|Any CPU
		{FA79388D-2555-42EE-AB7B-55B1EA1E2676}.Release|Any CPU.Build.0 = Release|Any CPU
		{953257BE-D695-4374-A6E1-0F60618CF5DD}.Debug|Any CPU.ActiveCfg = Debug|Any CPU
		{953257BE-D695-4374-A6E1-0F60618CF5DD}.Debug|Any CPU.Build.0 = Debug|Any CPU
		{953257BE-D695-4374-A6E1-0F60618CF5DD}.Release|Any CPU.ActiveCfg = Release|Any CPU
		{953257BE-D695-4374-A6E1-0F60618CF5DD}.Release|Any CPU.Build.0 = Release|Any CPU
	EndGlobalSection
	GlobalSection(SolutionProperties) = preSolution
		HideSolutionNode = FALSE
	EndGlobalSection
EndGlobal
